
Microsoft Visual Studio Solution File, Format Version 12.00
# Visual Studio 15
VisualStudioVersion = 15.0.28307.106
MinimumVisualStudioVersion = 10.0.40219.1
Project("{FAE04EC0-301F-11D3-BF4B-00C04F79EFBC}") = "OdeToFood", "OdeToFood\OdeToFood.csproj", "{12D065EA-5C3A-460B-8BA9-1882F3E7FBDC}"
EndProject
Project("{FAE04EC0-301F-11D3-BF4B-00C04F79EFBC}") = "OdeToFood.Tests", "OdeToFood.Tests\OdeToFood.Tests.csproj", "{F95F3A17-E0E3-4E85-880A-7CF0295EB0B6}"
EndProject
Global
	GlobalSection(SolutionConfigurationPlatforms) = preSolution
		Debug|Any CPU = Debug|Any CPU
		Release|Any CPU = Release|Any CPU
	EndGlobalSection
	GlobalSection(ProjectConfigurationPlatforms) = postSolution
		{12D065EA-5C3A-460B-8BA9-1882F3E7FBDC}.Debug|Any CPU.ActiveCfg = Debug|Any CPU
		{12D065EA-5C3A-460B-8BA9-1882F3E7FBDC}.Debug|Any CPU.Build.0 = Debug|Any CPU
		{12D065EA-5C3A-460B-8BA9-1882F3E7FBDC}.Release|Any CPU.ActiveCfg = Release|Any CPU
		{12D065EA-5C3A-460B-8BA9-1882F3E7FBDC}.Release|Any CPU.Build.0 = Release|Any CPU
		{F95F3A17-E0E3-4E85-880A-7CF0295EB0B6}.Debug|Any CPU.ActiveCfg = Debug|Any CPU
		{F95F3A17-E0E3-4E85-880A-7CF0295EB0B6}.Debug|Any CPU.Build.0 = Debug|Any CPU
		{F95F3A17-E0E3-4E85-880A-7CF0295EB0B6}.Release|Any CPU.ActiveCfg = Release|Any CPU
		{F95F3A17-E0E3-4E85-880A-7CF0295EB0B6}.Release|Any CPU.Build.0 = Release|Any CPU
	EndGlobalSection
	GlobalSection(SolutionProperties) = preSolution
		HideSolutionNode = FALSE
	EndGlobalSection
	GlobalSection(ExtensibilityGlobals) = postSolution
		SolutionGuid = {C56437EE-E109-4C6C-A6AE-AF23E7131FDE}
	EndGlobalSection
EndGlobal
